lockfileVersion: 5.4

specifiers:
  obsidian: ^1.4.11
  typescript: ^5.3.3

devDependencies:
  obsidian: 1.4.11
  typescript: 5.3.3

packages:

  /@types/codemirror/5.60.8:
    resolution: {integrity: sha512-VjFgDF/eB+Aklcy15TtOTLQeMjTo07k7KAjql8OK5Dirr7a6sJY4T1uVBDuTVG9VEmn1uUsohOpYnVfgC6/jyw==}
    dependencies:
      '@types/tern': 0.23.9
    dev: true

  /@types/estree/1.0.5:
    resolution: {integrity: sha512-/kYRxGDLWzHOB7q+wtSUQlFrtcdUccpfy+X+9iMBpHK8QLLhx2wIPYuS5DYtR9Wa/YlZAbIovy7qVdB1Aq6Lyw==}
    dev: true

  /@types/tern/0.23.9:
    resolution: {integrity: sha512-ypzHFE/wBzh+BlH6rrBgS5I/Z7RD21pGhZ2rltb/+ZrVM1awdZwjx7hE5XfuYgHWk9uvV5HLZN3SloevCAp3Bw==}
    dependencies:
      '@types/estree': 1.0.5
    dev: true

  /moment/2.29.4:
    resolution: {integrity: sha512-5LC9SOxjSc2HF6vO2CyuTDNivEdoz2IvyJJGj6X8DJ0eFyfszE0QiEd+iXmBvUP3WHxSjFH/vIsA0EN00cgr8w==}
    dev: true

  /obsidian/1.4.11:
    resolution: {integrity: sha512-BCVYTvaXxElJMl6MMbDdY/CGK+aq18SdtDY/7vH8v6BxCBQ6KF4kKxL0vG9UZ0o5qh139KpUoJHNm+6O5dllKA==}
    peerDependencies:
      '@codemirror/state': ^6.0.0
      '@codemirror/view': ^6.0.0
    dependencies:
      '@types/codemirror': 5.60.8
      moment: 2.29.4
    dev: true

  /typescript/5.3.3:
    resolution: {integrity: sha512-pXWcraxM0uxAS+tN0AG/BF2TyqmHO014Z070UsJ+pFvYuRSq8KH8DmWpnbXe0pEPDHXZV3FcAbJkijJ5oNEnWw==}
    engines: {node: '>=14.17'}
    hasBin: true
    dev: true
